PODS:
  - GPUImage (0.1.7)
  - MBProgressHUD (1.0.0)

DEPENDENCIES:
  - GPUImage
  - MBProgressHUD

SPEC CHECKSUMS:
  GPUImage: 733a5f0fab92df9de1c37ba9df520a833ccb406d
  MBProgressHUD: 4890f671c94e8a0f3cf959aa731e9de2f036d71a

PODFILE CHECKSUM: e5ea33b6ef2a1509a4c412ed207d6e36f397eccd

COCOAPODS: 1.0.1
